# THIS IS AN AUTOGENERATED FILE. DO NOT EDIT THIS FILE DIRECTLY.
# yarn lockfile v1


"@blakeembrey/deque@^1.0.5":
  "integrity" "sha512-6xnwtvp9DY1EINIKdTfvfeAtCYw4OqBZJhtiqkT3ivjnEfa25VQ3TsKvaFfKm8MyGIEfE95qLe+bNEt3nB0Ylg=="
  "resolved" "https://registry.npmjs.org/@blakeembrey/deque/-/deque-1.0.5.tgz"
  "version" "1.0.5"

"@blakeembrey/template@^1.0.0":
  "integrity" "sha512-iZf+UWfL+DogJVpd/xMQyP6X6McYd6ArdYoPMiv/zlOTzeXXfQbYxBNJJBF6tThvsjLMbA8tLjkCdm9RWMFCCw=="
  "resolved" "https://registry.npmjs.org/@blakeembrey/template/-/template-1.1.0.tgz"
  "version" "1.1.0"

"@cspotcode/source-map-support@^0.8.0":
  "integrity" "sha512-IchNf6dN4tHoMFIn/7OE8LWZ19Y6q/67Bmf6vnGREv8RSbBVb9LPJxEcnwrcwX6ixSvaiGoomAUvu4YSxXrVgw=="
  "resolved" "https://registry.npmjs.org/@cspotcode/source-map-support/-/source-map-support-0.8.1.tgz"
  "version" "0.8.1"
  dependencies:
    "@jridgewell/trace-mapping" "0.3.9"

"@jridgewell/resolve-uri@^3.0.3":
  "integrity" "sha512-bRISgCIjP20/tbWSPWMEi54QVPRZExkuD9lJL+UIxUKtwVJA8wW1Trb1jMs1RFXo1CBTNZ/5hpC9QvmKWdopKw=="
  "resolved" "https://registry.npmjs.org/@jridgewell/resolve-uri/-/resolve-uri-3.1.2.tgz"
  "version" "3.1.2"

"@jridgewell/sourcemap-codec@^1.4.10":
  "integrity" "sha512-eF2rxCRulEKXHTRiDrDy6erMYWqNw4LPdQ8UQA4huuxaQsVeRPFl2oM8oDGxMFhJUWZf9McpLtJasDDZb/Bpeg=="
  "resolved" "https://registry.npmjs.org/@jridgewell/sourcemap-codec/-/sourcemap-codec-1.4.15.tgz"
  "version" "1.4.15"

"@jridgewell/trace-mapping@0.3.9":
  "integrity" "sha512-3Belt6tdc8bPgAtbcmdtNJlirVoTmEb5e2gC94PnkwEW9jI6CAHUeoG85tjWP5WquqfavoMtMwiG4P926ZKKuQ=="
  "resolved" "https://registry.npmjs.org/@jridgewell/trace-mapping/-/trace-mapping-0.3.9.tgz"
  "version" "0.3.9"
  dependencies:
    "@jridgewell/resolve-uri" "^3.0.3"
    "@jridgewell/sourcemap-codec" "^1.4.10"

"@mongodb-js/saslprep@^1.1.5":
  "integrity" "sha512-XLNOMH66KhJzUJNwT/qlMnS4WsNDWD5ASdyaSH3EtK+F4r/CFGa3jT4GNi4mfOitGvWXtdLgQJkQjxSVrio+jA=="
  "resolved" "https://registry.npmjs.org/@mongodb-js/saslprep/-/saslprep-1.1.5.tgz"
  "version" "1.1.5"
  dependencies:
    "sparse-bitfield" "^3.0.3"

"@tsconfig/node10@^1.0.7":
  "integrity" "sha512-DcRjDCujK/kCk/cUe8Xz8ZSpm8mS3mNNpta+jGCA6USEDfktlNvm1+IuZ9eTcDbNk41BHwpHHeW+N1lKCz4zOw=="
  "resolved" "https://registry.npmjs.org/@tsconfig/node10/-/node10-1.0.11.tgz"
  "version" "1.0.11"

"@tsconfig/node12@^1.0.7":
  "integrity" "sha512-cqefuRsh12pWyGsIoBKJA9luFu3mRxCA+ORZvA4ktLSzIuCUtWVxGIuXigEwO5/ywWFMZ2QEGKWvkZG1zDMTag=="
  "resolved" "https://registry.npmjs.org/@tsconfig/node12/-/node12-1.0.11.tgz"
  "version" "1.0.11"

"@tsconfig/node14@^1.0.0":
  "integrity" "sha512-ysT8mhdixWK6Hw3i1V2AeRqZ5WfXg1G43mqoYlM2nc6388Fq5jcXyr5mRsqViLx/GJYdoL0bfXD8nmF+Zn/Iow=="
  "resolved" "https://registry.npmjs.org/@tsconfig/node14/-/node14-1.0.3.tgz"
  "version" "1.0.3"

"@tsconfig/node16@^1.0.2":
  "integrity" "sha512-vxhUy4J8lyeyinH7Azl1pdd43GJhZH/tP2weN8TntQblOY+A0XbT8DJk1/oCPuOOyg/Ja757rG0CgHcWC8OfMA=="
  "resolved" "https://registry.npmjs.org/@tsconfig/node16/-/node16-1.0.4.tgz"
  "version" "1.0.4"

"@types/mocha@^8.2.3":
  "integrity" "sha512-ekGvFhFgrc2zYQoX4JeZPmVzZxw6Dtllga7iGHzfbYIYkAMUx/sAFP2GdFpLff+vdHXu5fl7WX9AT+TtqYcsyw=="
  "resolved" "https://registry.npmjs.org/@types/mocha/-/mocha-8.2.3.tgz"
  "version" "8.2.3"

"@types/node@*", "@types/node@^15.14.9":
  "integrity" "sha512-qjd88DrCxupx/kJD5yQgZdcYKZKSIGBVDIBE1/LTGcNm3d2Np/jxojkdePDdfnBHJc5W7vSMpbJ1aB7p/Py69A=="
  "resolved" "https://registry.npmjs.org/@types/node/-/node-15.14.9.tgz"
  "version" "15.14.9"

"@types/uuid@^9.0.8":
  "integrity" "sha512-jg+97EGIcY9AGHJJRaaPVgetKDsrTgbRjQ5Msgjh/DQKEFl0DtyRr/VCOyD1T2R1MNeWPK/u7JoGhlDZnKBAfA=="
  "resolved" "https://registry.npmjs.org/@types/uuid/-/uuid-9.0.8.tgz"
  "version" "9.0.8"

"@types/webidl-conversions@*":
  "integrity" "sha512-CiJJvcRtIgzadHCYXw7dqEnMNRjhGZlYK05Mj9OyktqV8uVT8fD2BFOB7S1uwBE3Kj2Z+4UyPmFw/Ixgw/LAlA=="
  "resolved" "https://registry.npmjs.org/@types/webidl-conversions/-/webidl-conversions-7.0.3.tgz"
  "version" "7.0.3"

"@types/whatwg-url@^11.0.2":
  "integrity" "sha512-lXCmTWSHJvf0TRSO58nm978b8HJ/EdsSsEKLd3ODHFjo+3VGAyyTp4v50nWvwtzBxSMQrVOK7tcuN0zGPLICMw=="
  "resolved" "https://registry.npmjs.org/@types/whatwg-url/-/whatwg-url-11.0.4.tgz"
  "version" "11.0.4"
  dependencies:
    "@types/webidl-conversions" "*"

"@types/ws@^7.4.7":
  "integrity" "sha512-JQbbmxZTZehdc2iszGKs5oC3NFnjeay7mtAWrdt7qNtAVK0g19muApzAy4bm9byz79xa2ZnO/BOBC2R8RC5Lww=="
  "resolved" "https://registry.npmjs.org/@types/ws/-/ws-7.4.7.tgz"
  "version" "7.4.7"
  dependencies:
    "@types/node" "*"

"@ungap/promise-all-settled@1.1.2":

"mocha@^9.2.2":
  "integrity" "sha512-L6XC3EdwT6YrIk0yXpavvLkn8h+EU+Y5UcCHKECyMbdUIxyMuZj4bX4U9e1nvnvUUvQVsV2VHQr5zLdcUkhW/g=="
  "resolved" "https://registry.npmjs.org/mocha/-/mocha-9.2.2.tgz"
  "version" "9.2.2"
  dependencies:
    "@ungap/promise-all-settled" "1.1.2"
    "ansi-colors" "4.1.1"
    "browser-stdout" "1.3.1"
    "chokidar" "3.5.3"
    "debug" "4.3.3"
    "diff" "5.0.0"
    "escape-string-regexp" "4.0.0"
    "find-up" "5.0.0"
    "glob" "7.2.0"
    "growl" "1.10.5"
    "he" "1.2.0"
    "js-yaml" "4.1.0"
    "log-symbols" "4.1.0"
    "minimatch" "4.2.1"
    "ms" "2.1.3"
    "nanoid" "3.3.1"
    "serialize-javascript" "6.0.0"
    "strip-json-comments" "3.1.1"
    "supports-color" "8.1.1"
    "which" "2.0.2"
    "workerpool" "6.2.0"
    "yargs" "16.2.0"
    "yargs-parser" "20.2.4"
    "yargs-unparser" "2.0.0"

"mongodb-connection-string-url@^3.0.0":
  "integrity" "sha512-t1Vf+m1I5hC2M5RJx/7AtxgABy1cZmIPQRMXw+gEIPn/cZNF3Oiy+l0UIypUwVB5trcWHq3crg2g3uAR9aAwsQ=="
  "resolved" "https://registry.npmjs.org/mongodb-connection-string-url/-/mongodb-connection-string-url-3.0.0.tgz"
  "version" "3.0.0"
  dependencies:
    "@types/whatwg-url" "^11.0.2"
    "whatwg-url" "^13.0.0"

"mongodb@^6.5.0":
  "integrity" "sha512-Fozq68InT+JKABGLqctgtb8P56pRrJFkbhW0ux+x1mdHeyinor8oNzJqwLjV/t5X5nJGfTlluxfyMnOXNggIUA=="
  "resolved" "https://registry.npmjs.org/mongodb/-/mongodb-6.5.0.tgz"
  "version" "6.5.0"
  dependencies:
    "@mongodb-js/saslprep" "^1.1.5"
    "bson" "^6.4.0"
    "mongodb-connection-string-url" "^3.0.0"

"ms@2.1.2":
  "integrity" "sha512-sGkPx+VjMtmA6MX27oA4FBFELFCZZ4S4XqeGOXCv68tT+jb3vk/RyaKWP0PTKyWtmLSM0b+adUTEvbs1PEaH2w=="
  "resolved" "https://registry.npmjs.org/ms/-/ms-2.1.2.tgz"
  "version" "2.1.2"

"ms@2.1.3":
  "integrity" "sha512-6FlzubTLZG3J2a/NVCAleEhjzq5oxgHyaCU9yYXvcLsvoVaHJq/s5xXI6/XXP6tz7R9xAOtHnSO/tXtF3WRTlA=="
  "resolved" "https://registry.npmjs.org/ms/-/ms-2.1.3.tgz"
  "version" "2.1.3"

"mute-stream@0.0.8":
  "integrity" "sha512-nnbWWOkoWyUsTjKrhgD0dcz22mdkSnpYqbEjIm2nhwhuxlSkpywJmBo8h0ZqJdkp73mb90SssHkN4rsRaBAfAA=="
  "resolved" "https://registry.npmjs.org/mute-stream/-/mute-stream-0.0.8.tgz"
  "version" "0.0.8"

"nanoid@3.3.1":
  "integrity" "sha512-n6Vs/3KGyxPQd6uO0eH4Bv0ojGSUvuLlIHtC3Y0kEO23YRge8H9x1GCzLn28YX0H66pMkxuaeESFq4tKISKwdw=="
  "resolved" "https://registry.npmjs.org/nanoid/-/nanoid-3.3.1.tgz"
  "version" "3.3.1"

"normalize-path@^3.0.0", "normalize-path@~3.0.0":
  "integrity" "sha512-6eZs5Ls3WtCisHWp9S2GUy8dqkpGi4BVSz3GaqiE6ezub0512ESztXUwUB6C6IKbQkY2Pnb/mD4WYojCRwcwLA=="
  "resolved" "https://registry.npmjs.org/normalize-path/-/normalize-path-3.0.0.tgz"
  "version" "3.0.0"

"npm-run-path@^4.0.0":
  "integrity" "sha512-S48WzZW777zhNIrn7gxOlISNAqi9ZC/uQFnRdbeIHhZhCA6UqpkOT8T1G7BvfdgP4Er8gF4sUbaS0i7QvIfCWw=="
  "resolved" "https://registry.npmjs.org/npm-run-path/-/npm-run-path-4.0.1.tgz"
  "version" "4.0.1"
  dependencies:
    "path-key" "^3.0.0"

"once@^1.3.0", "once@^1.3.1", "once@^1.4.0":
  "integrity" "sha512-lNaJgI+2Q5URQBkccEKHTQOPaXdUxnZZElQTZY0MFUAuaEqe1E+Nyvgdz/aIyNi6Z9MzO5dv1H8n58/GELp3+w=="
  "resolved" "https://registry.npmjs.org/once/-/once-1.4.0.tgz"
  "version" "1.4.0"
  dependencies:
    "wrappy" "1"

"onchange@^7.1.0":
  "integrity" "sha512-ZJcqsPiWUAUpvmnJri5TPBooqJOPmC0ttN65juhN15Q8xA+Nbg3BaxBHXQ45EistKKlKElb0edmbPWnKSBkvMg=="
  "resolved" "https://registry.npmjs.org/onchange/-/onchange-7.1.0.tgz"
  "version" "7.1.0"
  dependencies:
    "@blakeembrey/deque" "^1.0.5"
    "@blakeembrey/template" "^1.0.0"
    "arg" "^4.1.3"
    "chokidar" "^3.3.1"
    "cross-spawn" "^7.0.1"
    "ignore" "^5.1.4"
    "tree-kill" "^1.2.2"

"onetime@^5.1.0":
  "integrity" "sha512-kbpaSSGJTWdAY5KPVeMOKXSrPtr8C8C7wodJbcsd51jRnmD+GZu8Y0VoU6Dm5Z4vWr0Ig/1NKuWRKf7j5aaYSg=="
  "resolved" "https://registry.npmjs.org/onetime/-/onetime-5.1.2.tgz"
  "version" "5.1.2"
  dependencies:
    "mimic-fn" "^2.1.0"

"ora@^5.4.1":
  "integrity" "sha512-5b6Y85tPxZZ7QytO+BQzysW31HJku27cRIlkbAXaNx+BdcVi+LlRFmVXzeF6a7JCwJpyw5c4b+YSVImQIrBpuQ=="
  "resolved" "https://registry.npmjs.org/ora/-/ora-5.4.1.tgz"
  "version" "5.4.1"
  dependencies:
    "bl" "^4.1.0"
    "chalk" "^4.1.0"
    "cli-cursor" "^3.1.0"
    "cli-spinners" "^2.5.0"
    "is-interactive" "^1.0.0"
    "is-unicode-supported" "^0.1.0"
    "log-symbols" "^4.1.0"
    "strip-ansi" "^6.0.0"
    "wcwidth" "^1.0.1"

"os-locale@^5.0.0":
  "integrity" "sha512-tqZcNEDAIZKBEPnHPlVDvKrp7NzgLi7jRmhKiUoa2NUmhl13FtkAGLUVR+ZsYvApBQdBfYm43A4tXXQ4IrYLBA=="
  "resolved" "https://registry.npmjs.org/os-locale/-/os-locale-5.0.0.tgz"
  "version" "5.0.0"
  dependencies:
    "execa" "^4.0.0"
    "lcid" "^3.0.0"
    "mem" "^5.0.0"

"os-tmpdir@~1.0.2":
  "integrity" "sha512-D2FR03Vir7FIu45XBY20mTb+/ZSWB00sjU9jdQXt83gDrI4Ztz5Fs7/yy74g2N5SVQY4xY1qDr4rNddwYRVX0g=="
  "resolved" "https://registry.npmjs.org/os-tmpdir/-/os-tmpdir-1.0.2.tgz"
  "version" "1.0.2"

"p-defer@^1.0.0":
  "integrity" "sha512-wB3wfAxZpk2AzOfUMJNL+d36xothRSyj8EXOa4f6GMqYDN9BJaaSISbsk+wS9abmnebVw95C2Kb5t85UmpCxuw=="
  "resolved" "https://registry.npmjs.org/p-defer/-/p-defer-1.0.0.tgz"
  "version" "1.0.0"

"p-is-promise@^2.1.0":
  "integrity" "sha512-Y3W0wlRPK8ZMRbNq97l4M5otioeA5lm1z7bkNkxCka8HSPjR0xRWmpCmc9utiaLP9Jb1eD8BgeIxTW4AIF45Pg=="
  "resolved" "https://registry.npmjs.org/p-is-promise/-/p-is-promise-2.1.0.tgz"
  "version" "2.1.0"

"p-limit@^3.0.2":
  "integrity" "sha512-TYOanM3wGwNGsZN2cVTYPArw454xnXj5qmWF1bEoAc4+cU/ol7GVh7odevjp1FNHduHc3KZMcFduxU5Xc6uJRQ=="
  "resolved" "https://registry.npmjs.org/p-limit/-/p-limit-3.1.0.tgz"
  "version" "3.1.0"
  dependencies:
    "yocto-queue" "^0.1.0"

"p-locate@^5.0.0":
  "integrity" "sha512-LaNjtRWUBY++zB5nE/NwcaoMylSPk+S+ZHNB1TzdbMJMny6dynpAGt7X/tl/QYq3TIeE6nxHppbo2LGymrG5Pw=="
  "resolved" "https://registry.npmjs.org/p-locate/-/p-locate-5.0.0.tgz"
  "version" "5.0.0"
  dependencies:
    "p-limit" "^3.0.2"

"path-exists@^4.0.0":
  "integrity" "sha512-ak9Qy5Q7jYb2Wwcey5Fpvg2KoAc/ZIhLSLOSBmRmygPsGwkVVt0fZa0qrtMz+m6tJTAHfZQ8FnmB4MG4LWy7/w=="
  "resolved" "https://registry.npmjs.org/path-exists/-/path-exists-4.0.0.tgz"
  "version" "4.0.0"

"path-is-absolute@^1.0.0":
  "integrity" "sha512-AVbw3UJ2e9bq64vSaS9Am0fje1Pa8pbGqTTsmXfaIiMpnr5DlDhfJOuLj9Sf95ZPVDAUerDfEk88MPmPe7UCQg=="
  "resolved" "https://registry.npmjs.org/path-is-absolute/-/path-is-absolute-1.0.1.tgz"
  "version" "1.0.1"

"path-key@^3.0.0", "path-key@^3.1.0":
  "integrity" "sha512-ojmeN0qd+y0jszEtoY48r0Peq5dwMEkIlCOu6Q5f41lfkswXuKtYrhgoTpLnyIcHm24Uhqx+5Tqm2InSwLhE6Q=="
  "resolved" "https://registry.npmjs.org/path-key/-/path-key-3.1.1.tgz"
  "version" "3.1.1"

"picomatch@^2.0.4", "picomatch@^2.2.1":
  "integrity" "sha512-JU3teHTNjmE2VCGFzuY8EXzCDVwEqB2a8fsIvwaStHhAWJEeVd1o1QD80CU6+ZdEXXSLbSsuLwJjkCBWqRQUVA=="
  "resolved" "https://registry.npmjs.org/picomatch/-/picomatch-2.3.1.tgz"
  "version" "2.3.1"

"pseudomap@^1.0.2":
  "integrity" "sha512-b/YwNhb8lk1Zz2+bXXpS/LK9OisiZZ1SNsSLxN1x2OXVEhW2Ckr/7mWE5vrC1ZTiJlD9g19jWszTmJsB+oEpFQ=="
  "resolved" "https://registry.npmjs.org/pseudomap/-/pseudomap-1.0.2.tgz"
  "version" "1.0.2"

"pump@^3.0.0":
  "integrity" "sha512-LwZy+p3SFs1Pytd/jYct4wpv49HiYCqd9Rlc5ZVdk0V+8Yzv6jR5Blk3TRmPL1ft69TxP0IMZGJ+WPFU2BFhww=="
  "resolved" "https://registry.npmjs.org/pump/-/pump-3.0.0.tgz"
  "version" "3.0.0"
  dependencies:
    "end-of-stream" "^1.1.0"
    "once" "^1.3.1"

"punycode@^2.3.0":
  "integrity" "sha512-vYt7UD1U9Wg6138shLtLOvdAu+8DsC/ilFtEVHcH+wydcSpNE20AfSOduf6MkRFahL5FY7X1oU7nKVZFtfq8Fg=="
  "resolved" "https://registry.npmjs.org/punycode/-/punycode-2.3.1.tgz"
  "version" "2.3.1"

"randombytes@^2.1.0":
  "integrity" "sha512-vYl3iOX+4CKUWuxGi9Ukhie6fsqXqS9FE2Zaic4tNFD2N2QQaXOMFbuKK4QmDHC0JO6B1Zp41J0LpT0oR68amQ=="
  "resolved" "https://registry.npmjs.org/randombytes/-/randombytes-2.1.0.tgz"
  "version" "2.1.0"
  dependencies:
    "safe-buffer" "^5.1.0"

"readable-stream@^3.4.0":
  "integrity" "sha512-9u/sniCrY3D5WdsERHzHE4G2YCXqoG5FTHUiCC4SIbr6XcLZBY05ya9EKjYek9O5xOAwjGq+1JdGBAS7Q9ScoA=="
  "resolved" "https://registry.npmjs.org/readable-stream/-/readable-stream-3.6.2.tgz"
  "version" "3.6.2"
  dependencies:
    "inherits" "^2.0.3"
    "string_decoder" "^1.1.1"
    "util-deprecate" "^1.0.1"

"readdirp@~3.6.0":
  "integrity" "sha512-hOS089on8RduqdbhvQ5Z37A0ESjsqz6qnRcffsMU3495FuTdqSm+7bhJ29JvIOsBDEEnan5DPu9t3To9VRlMzA=="
  "resolved" "https://registry.npmjs.org/readdirp/-/readdirp-3.6.0.tgz"
  "version" "3.6.0"
  dependencies:
    "picomatch" "^2.2.1"

"require-directory@^2.1.1":
  "integrity" "sha512-fGxEI7+wsG9xrvdjsrlmL22OMTTiHRwAMroiEeMgq8gzoLC/PQr7RsRDSTLUg/bZAZtF+TVIkHc6/4RIKrui+Q=="
  "resolved" "https://registry.npmjs.org/require-directory/-/require-directory-2.1.1.tgz"
  "version" "2.1.1"

"restore-cursor@^3.1.0":
  "integrity" "sha512-l+sSefzHpj5qimhFSE5a8nufZYAM3sBSVMAPtYkmC+4EH2anSGaEMXSD0izRQbu9nfyQ9y5JrVmp7E8oZrUjvA=="
  "resolved" "https://registry.npmjs.org/restore-cursor/-/restore-cursor-3.1.0.tgz"
  "version" "3.1.0"
  dependencies:
    "onetime" "^5.1.0"
    "signal-exit" "^3.0.2"

"run-async@^2.4.0":
  "integrity" "sha512-tvVnVv01b8c1RrA6Ep7JkStj85Guv/YrMcwqYQnwjsAS2cTmmPGBBjAjpCW7RrSodNSoE2/qg9O4bceNvUuDgQ=="
  "resolved" "https://registry.npmjs.org/run-async/-/run-async-2.4.1.tgz"
  "version" "2.4.1"

"rxjs@^7.5.5":
  "integrity" "sha512-AA3TVj+0A2iuIoQkWEK/tqFjBq2j+6PO6Y0zJcvzLAFhEFIO3HL0vls9hWLncZbAAbK0mar7oZ4V079I/qPMxg=="
  "resolved" "https://registry.npmjs.org/rxjs/-/rxjs-7.8.1.tgz"
  "version" "7.8.1"
  dependencies:
    "tslib" "^2.1.0"

"safe-buffer@^5.1.0", "safe-buffer@~5.2.0":
  "integrity" "sha512-rp3So07KcdmmKbGvgaNxQSJr7bGVSVk5S9Eq1F+ppbRo70+YeaDxkw5Dd8NPN+GD6bjnYm2VuPuCXmpuYvmCXQ=="
  "resolved" "https://registry.npmjs.org/safe-buffer/-/safe-buffer-5.2.1.tgz"
  "version" "5.2.1"

"safer-buffer@>= 2.1.2 < 3":
  "integrity" "sha512-YZo3K82SD7Riyi0E1EQPojLz7kpepnSQI9IyPbHHg1XXXevb5dJI7tpyN2ADxGcQbHG7vcyRHk0cbwqcQriUtg=="
  "resolved" "https://registry.npmjs.org/safer-buffer/-/safer-buffer-2.1.2.tgz"
  "version" "2.1.2"

"semver@^5.6.0":
  "integrity" "sha512-cBznnQ9KjJqU67B52RMC65CMarK2600WFnbkcaiwWq3xy/5haFJlshgnpjovMVJ+Hff49d8GEn0b87C5pDQ10g=="
  "resolved" "https://registry.npmjs.org/semver/-/semver-5.7.2.tgz"
  "version" "5.7.2"

"serialize-javascript@6.0.0":
  "integrity" "sha512-Qr3TosvguFt8ePWqsvRfrKyQXIiW+nGbYpy8XK24NQHE83caxWt+mIymTT19DGFbNWNLfEwsrkSmN64lVWB9ag=="
  "resolved" "https://registry.npmjs.org/serialize-javascript/-/serialize-javascript-6.0.0.tgz"
  "version" "6.0.0"
  dependencies:
    "randombytes" "^2.1.0"

"shebang-command@^2.0.0":
  "integrity" "sha512-kHxr2zZpYtdmrN1qDjrrX/Z1rR1kG8Dx+gkpK1G4eXmvXswmcE1hTWBWYUzlraYw1/yZp6YuDY77YtvbN0dmDA=="
  "resolved" "https://registry.npmjs.org/shebang-command/-/shebang-command-2.0.0.tgz"
  "version" "2.0.0"
  dependencies:
    "shebang-regex" "^3.0.0"

"shebang-regex@^3.0.0":
  "integrity" "sha512-7++dFhtcx3353uBaq8DDR4NuxBetBzC7ZQOhmTQInHEd6bSrXdiEyzCvG07Z44UYdLShWUyXt5M/yhz8ekcb1A=="
  "resolved" "https://registry.npmjs.org/shebang-regex/-/shebang-regex-3.0.0.tgz"
  "version" "3.0.0"

"sigmund@^1.0.1":
  "integrity" "sha512-fCvEXfh6NWpm+YSuY2bpXb/VIihqWA6hLsgboC+0nl71Q7N7o2eaCW8mJa/NLvQhs6jpd3VZV4UiUQlV6+lc8g=="
  "resolved" "https://registry.npmjs.org/sigmund/-/sigmund-1.0.1.tgz"
  "version" "1.0.1"

"signal-exit@^3.0.2":
  "integrity" "sha512-wnD2ZE+l+SPC/uoS0vXeE9L1+0wuaMqKlfz9AMUo38JsyLSBWSFcHR1Rri62LZc12vLr1gb3jl7iwQhgwpAbGQ=="
  "resolved" "https://registry.npmjs.org/signal-exit/-/signal-exit-3.0.7.tgz"
  "version" "3.0.7"

"sparse-bitfield@^3.0.3":
  "integrity" "sha512-kvzhi7vqKTfkh0PZU+2D2PIllw2ymqJKujUcyPMd9Y75Nv4nPbGJZXNhxsgdQab2BmlDct1YnfQCguEvHr7VsQ=="
  "resolved" "https://registry.npmjs.org/sparse-bitfield/-/sparse-bitfield-3.0.3.tgz"
  "version" "3.0.3"
  dependencies:
    "memory-pager" "^1.0.2"
    
string_decoder@^1.1.1:
  version "1.3.0"
  resolved "https://registry.npmjs.org/string_decoder/-/string_decoder-1.3.0.tgz"
  integrity sha512-hkRX8U1WjJFd8LsDJ2yQ/wWWxaopEsABU1XfkM8A+j0+85JAGppt16cr1Whg6KIbb4okU6Mql6BOj+uup/wKeA==
  dependencies:
    safe-buffer "~5.2.0"

string-width@^4.1.0, string-width@^4.2.0:
  version "4.2.3"
  resolved "https://registry.npmjs.org/string-width/-/string-width-4.2.3.tgz"
  integrity sha512-wKyQRQpjJ0sIp62ErSZdGsjMJWsap5oRNihHhu6G7JVO/9jIB6UyevL+tXuOqrng8j/cxKTWyWUwvSTriiZz/g==
  dependencies:
    "safe-buffer" "~5.2.0"

"string-width@^4.1.0", "string-width@^4.2.0":
  "integrity" "sha512-wKyQRQpjJ0sIp62ErSZdGsjMJWsap5oRNihHhu6G7JVO/9jIB6UyevL+tXuOqrng8j/cxKTWyWUwvSTriiZz/g=="
  "resolved" "https://registry.npmjs.org/string-width/-/string-width-4.2.3.tgz"
  "version" "4.2.3"
  dependencies:
    "emoji-regex" "^8.0.0"
    "is-fullwidth-code-point" "^3.0.0"
    "strip-ansi" "^6.0.1"

strip-ansi@^6.0.0, strip-ansi@^6.0.1:
  version "6.0.1"
  resolved "https://registry.npmjs.org/strip-ansi/-/strip-ansi-6.0.1.tgz"
  integrity sha512-Y38VPSHcqkFrCpFnQ9vuSXmquuv5oXOKpGeT6aGrr3o3Gc9AlVa6JBfUSOCnbxGGZF+/0ooI7KrPuUSztUdU5A==
  dependencies:
    "ansi-regex" "^5.0.1"

"strip-final-newline@^2.0.0":
  "integrity" "sha512-BrpvfNAE3dcvq7ll3xVumzjKjZQ5tI1sEUIKr3Uoks0XUl45St3FlatVqef9prk4jRDzhW6WZg+3bk93y6pLjA=="
  "resolved" "https://registry.npmjs.org/strip-final-newline/-/strip-final-newline-2.0.0.tgz"
  "version" "2.0.0"

"strip-json-comments@3.1.1":
  "integrity" "sha512-6fPc+R4ihwqP6N/aIv2f1gMH8lOVtWQHoqC4yK6oSDVVocumAsfCqjkXnqiYMhmMwS/mEHLp7Vehlt3ql6lEig=="
  "resolved" "https://registry.npmjs.org/strip-json-comments/-/strip-json-comments-3.1.1.tgz"
  "version" "3.1.1"
  
"supports-color@^7.1.0":
  "integrity" "sha512-qpCAvRl9stuOHveKsn7HncJRvv501qIacKzQlO/+Lwxc9+0q2wLyv4Dfvt80/DPn2pqOBsJdDiogXGR9+OvwRw=="
  "resolved" "https://registry.npmjs.org/supports-color/-/supports-color-7.2.0.tgz"
  "version" "7.2.0"
  dependencies:
    "has-flag" "^4.0.0"

supports-color@^7.1.0:
  version "7.2.0"
  resolved "https://registry.npmjs.org/supports-color/-/supports-color-7.2.0.tgz"
  integrity sha512-qpCAvRl9stuOHveKsn7HncJRvv501qIacKzQlO/+Lwxc9+0q2wLyv4Dfvt80/DPn2pqOBsJdDiogXGR9+OvwRw==
  dependencies:
    "has-flag" "^4.0.0"

supports-color@8.1.1:
  version "8.1.1"
  resolved "https://registry.npmjs.org/supports-color/-/supports-color-8.1.1.tgz"
  integrity sha512-MpUEN2OodtUzxvKQl72cUF7RQ5EiHsGvSsVG0ia9c5RbWGL2CI4C7EpPS8UTBIplnlzZiNuV56w+FuNxy3ty2Q==
  dependencies:
    has-flag "^4.0.0"

through@^2.3.6:
  version "2.3.8"
  resolved "https://registry.npmjs.org/through/-/through-2.3.8.tgz"
  integrity sha512-w89qg7PI8wAdvX60bMDP+bFoD5Dvhm9oLheFp5O4a2QF0cSBGsBX4qZmadPMvVqlLJBBci+WqGGOAPvcDeNSVg==

"tmp@^0.0.33":
  "integrity" "sha512-jRCJlojKnZ3addtTOjdIqoRuPEKBvNXcGYqzO6zWZX8KfKEpnGY5jfggJQ3EjKuu8D4bJRr0y+cYJFmYbImXGw=="
  "resolved" "https://registry.npmjs.org/tmp/-/tmp-0.0.33.tgz"
  "version" "0.0.33"
  dependencies:
    "os-tmpdir" "~1.0.2"

"to-regex-range@^5.0.1":
  "integrity" "sha512-65P7iz6X5yEr1cwcgvQxbbIw7Uk3gOy5dIdtZ4rDveLqhrdJP+Li/Hx6tyK0NEb+2GCyneCMJiGqrADCSNk8sQ=="
  "resolved" "https://registry.npmjs.org/to-regex-range/-/to-regex-range-5.0.1.tgz"
  "version" "5.0.1"
  dependencies:
    "is-number" "^7.0.0"

"tr46@^4.1.1":
  "integrity" "sha512-2lv/66T7e5yNyhAAC4NaKe5nVavzuGJQVVtRYLyQ2OI8tsJ61PMLlelehb0wi2Hx6+hT/OJUWZcw8MjlSRnxvw=="
  "resolved" "https://registry.npmjs.org/tr46/-/tr46-4.1.1.tgz"
  "version" "4.1.1"
  dependencies:
    "punycode" "^2.3.0"

"tree-kill@^1.2.2":
  "integrity" "sha512-L0Orpi8qGpRG//Nd+H90vFB+3iHnue1zSSGmNOOCh1GLJ7rUKVwV2HvijphGQS2UmhUZewS9VgvxYIdgr+fG1A=="
  "resolved" "https://registry.npmjs.org/tree-kill/-/tree-kill-1.2.2.tgz"
  "version" "1.2.2"

"ts-node@^10.8.2", "ts-node@^10.9.2":
  "integrity" "sha512-f0FFpIdcHgn8zcPSbf1dRevwt047YMnaiJM3u2w2RewrB+fob/zePZcrOyQoLMMO7aBIddLcQIEK5dYjkLnGrQ=="
  "resolved" "https://registry.npmjs.org/ts-node/-/ts-node-10.9.2.tgz"
  "version" "10.9.2"
  dependencies:
    "@cspotcode/source-map-support" "^0.8.0"
    "@tsconfig/node10" "^1.0.7"
    "@tsconfig/node12" "^1.0.7"
    "@tsconfig/node14" "^1.0.0"
    "@tsconfig/node16" "^1.0.2"
    "acorn" "^8.4.1"
    "acorn-walk" "^8.1.1"
    "arg" "^4.1.0"
    "create-require" "^1.1.0"
    "diff" "^4.0.1"
    "make-error" "^1.1.1"
    "v8-compile-cache-lib" "^3.0.1"
    "yn" "3.1.1"

"tsbuffer-proto-generator@^1.7.2":
  "integrity" "sha512-Rjq/mNXb6Z3ORi5M0BH3O+L0hpr+RcLzJ1edXO4bOZkojdtxDmwoKGBKoh+/xba+bhOiSiwHfVZLiQ06A6vEmw=="
  "resolved" "https://registry.npmjs.org/tsbuffer-proto-generator/-/tsbuffer-proto-generator-1.7.2.tgz"
  "version" "1.7.2"
  dependencies:
    "k8w-crypto" "^0.2.0"
    "k8w-extend-native" "^1.4.6"
    "tsbuffer-schema" "^2.2.0"
    "tslib" "*"
    "typescript" "^4"

"tsbuffer-schema@^2.2.0":
  "integrity" "sha512-I4+5Xfk7G+D++kXdNnYTeY26WQTaf14C84XQwPKteNmrwxRY3CQCkMqASRiCUqtpOuDn43qmoxuXpT+Vo8Wltg=="
  "resolved" "https://registry.npmjs.org/tsbuffer-schema/-/tsbuffer-schema-2.2.0.tgz"
  "version" "2.2.0"

"tsbuffer-validator@^2.1.2":
  "integrity" "sha512-PrqIYy7aANY7ssr92HJN8ZM+eGc4Qmpvu7nNBv+T2DOAb+eqblKjlDZEhNnzxjs/ddqu9PqPe4Aa+fqYdzo98g=="
  "resolved" "https://registry.npmjs.org/tsbuffer-validator/-/tsbuffer-validator-2.1.2.tgz"
  "version" "2.1.2"
  dependencies:
    "k8w-extend-native" "^1.4.6"
    "tsbuffer-schema" "^2.2.0"
    "tslib" "*"

"tsbuffer@^2.2.3", "tsbuffer@^2.2.7", "tsbuffer@^2.2.8":
  "integrity" "sha512-P907NAcy6G2+glFFvxd4oE/j9IXRw7Imi6qXLm6WAYGV1ksJdFrge+86R1pAeRzhcgP9KfvjMcR+miv/HnWZpg=="
  "resolved" "https://registry.npmjs.org/tsbuffer/-/tsbuffer-2.2.8.tgz"
  "version" "2.2.8"
  dependencies:
    "k8w-extend-native" "^1.4.6"
    "tsbuffer-validator" "^2.1.2"
    "tslib" "*"

"tslib@*", "tslib@^2.1.0":
  "integrity" "sha512-AEYxH93jGFPn/a2iVAwW87VuUIkR1FVUKB77NwMF7nBTDkDrrT/Hpt/IrCJ0QXhW27jTBDcf5ZY7w6RiqTMw2Q=="
  "resolved" "https://registry.npmjs.org/tslib/-/tslib-2.6.2.tgz"
  "version" "2.6.2"

"tslib@=2.4.1":
  "integrity" "sha512-tGyy4dAjRIEwI7BzsB0lynWgOpfqjUdq91XXAlIWD2OwKBH7oCl/GZG/HT4BOHrTlPMOASlMQ7veyTqpmRcrNA=="
  "resolved" "https://registry.npmjs.org/tslib/-/tslib-2.4.1.tgz"
  "version" "2.4.1"

"tsrpc-base-client@^2.1.13":
  "integrity" "sha512-oNPOZEJfXkOwqi2wp/j0q55NzA7qJFRpL2IzTEU59PTPRZ5OpbV2wg3VVNK7NTJBOjwPSUH/TNBckWtIVKstKg=="
  "resolved" "https://registry.npmjs.org/tsrpc-base-client/-/tsrpc-base-client-2.1.13.tgz"
  "version" "2.1.13"
  dependencies:
    "k8w-extend-native" "^1.4.6"
    "tsbuffer" "^2.2.7"
    "tslib" "=2.4.1"
    "tsrpc-proto" "^1.4.3"

"tsrpc-cli@^2.4.5":
  "integrity" "sha512-/3MMyGAAuSnZLQVfoRZXI5sfyGakRTk2AfrllvVSUSfGPTr06iU1YAgOATNYEHl+uAj1+QFz3dKT8g3J+wCIcw=="
  "resolved" "https://registry.npmjs.org/tsrpc-cli/-/tsrpc-cli-2.4.5.tgz"
  "version" "2.4.5"
  dependencies:
    "chalk" "^4.1.2"
    "chokidar" "^3.5.3"
    "fs-extra" "^10.1.0"
    "glob" "^7.2.3"
    "inquirer" "^8.2.4"
    "k8w-extend-native" "^1.4.6"
    "minimist" "^1.2.6"
    "ora" "^5.4.1"
    "os-locale" "^5.0.0"
    "ts-node" "^10.8.2"
    "tsbuffer" "^2.2.3"
    "tsbuffer-proto-generator" "^1.7.2"
    "tsbuffer-schema" "^2.2.0"
    "tsrpc-proto" "^1.4.2"
    "typescript" "^4.7.4"
    "typescript-formatter" "^7.2.2"

"tsrpc-proto@^1.4.2", "tsrpc-proto@^1.4.3":
  "integrity" "sha512-qtkk5i34m9/K1258EdyXAEikU/ADPELHCCXN/oFJ4XwH+kN3kXnKYmwCDblUuMA73V2+A/EwkgUGyAgPa335Hw=="
  "resolved" "https://registry.npmjs.org/tsrpc-proto/-/tsrpc-proto-1.4.3.tgz"
  "version" "1.4.3"
  dependencies:
    "tsbuffer-schema" "^2.2.0"
    "tslib" "*"

"tsrpc@^3.4.14":
  "integrity" "sha512-v1EHjAbza6kuMMPbVu30zQlx05jy8XOCJciyU0gotwbAlnteS48uqOD9ze6WvOt6xeJwyQW5VyGy14oeBEiJtQ=="
  "resolved" "https://registry.npmjs.org/tsrpc/-/tsrpc-3.4.14.tgz"
  "version" "3.4.14"
  dependencies:
    "@types/ws" "^7.4.7"

    chalk "^4.1.2"
    tsbuffer "^2.2.8"
    tsrpc-base-client "^2.1.13"
    tsrpc-proto "^1.4.3"
    uuid "^8.3.2"
    ws "^7.5.9"

type-fest@^0.21.3:
  version "0.21.3"
  resolved "https://registry.npmjs.org/type-fest/-/type-fest-0.21.3.tgz"
  integrity sha512-t0rzBq87m3fVcduHDUFhKmyyX+9eo6WQjZvf51Ea/M0Q7+T374Jp1aUiyUl0GKxp8M/OETVHSDvmkyPgvX+X2w==

typescript-formatter@^7.2.2:
  version "7.2.2"
  resolved "https://registry.npmjs.org/typescript-formatter/-/typescript-formatter-7.2.2.tgz"
  integrity sha512-V7vfI9XArVhriOTYHPzMU2WUnm5IMdu9X/CPxs8mIMGxmTBFpDABlbkBka64PZJ9/xgQeRpK8KzzAG4MPzxBDQ==
  dependencies:
    commandpost "^1.0.0"
    editorconfig "^0.15.0"

"typescript@^2.1.6 || >=2.7.0-dev || >=2.8.0-dev || >=2.9.0-dev || >=3.0.0-dev", typescript@^4, typescript@^4.7.4, typescript@^4.9.5, typescript@>=2.7:
  version "4.9.5"
  resolved "https://registry.npmjs.org/typescript/-/typescript-4.9.5.tgz"
  integrity sha512-1FXk9E2Hm+QzZQ7z+McJiHL4NW1F2EzMu9Nq9i3zAaGqibafqYwCVU6WyWAuyQRRzOlxou8xZSyXLEN8oKj24g==

undici-types@~5.26.4:
  version "5.26.5"
  resolved "https://registry.npmjs.org/undici-types/-/undici-types-5.26.5.tgz"
  integrity sha512-JlCMO+ehdEIKqlFxk6IfVoAUVmgz7cU7zD/h9XZ0qzeosSHmUJVOzSQvvYSYWXkFXC+IfLKSIffhv0sVZup6pA==

universalify@^2.0.0:
  version "2.0.1"
  resolved "https://registry.npmjs.org/universalify/-/universalify-2.0.1.tgz"
  integrity sha512-gptHNQghINnc/vTGIk0SOFGFNXw7JVrlRUtConJRlvaw6DuX0wO5Jeko9sWrMBhh+PsYAZ7oXAiOnf/UKogyiw==

util-deprecate@^1.0.1:
  version "1.0.2"
  resolved "https://registry.npmjs.org/util-deprecate/-/util-deprecate-1.0.2.tgz"
  integrity sha512-EPD5q1uXyFxJpCrLnCc1nHnq3gOa6DZBocAIiI2TaSCA7VCJ1UJDMagCzIkXNsUYfD1daK//LTEQ8xiIbrHtcw==

uuid@^8.3.2:
  version "8.3.2"
  resolved "https://registry.npmjs.org/uuid/-/uuid-8.3.2.tgz"
  integrity sha512-+NYs2QeMWy+GWFOEm9xnn6HCDp0l7QBD7ml8zLUmJ+93Q5NF0NocErnwkTkXVFNiX3/fpC6afS8Dhb/gz7R7eg==

v8-compile-cache-lib@^3.0.1:
  version "3.0.1"
  resolved "https://registry.npmjs.org/v8-compile-cache-lib/-/v8-compile-cache-lib-3.0.1.tgz"
  integrity sha512-wa7YjyUGfNZngI/vtK0UHAN+lgDCxBPCylVXGp0zu59Fz5aiGtNXaq3DhIov063MorB+VfufLh3JlF2KdTK3xg==

wcwidth@^1.0.1:
  version "1.0.1"
  resolved "https://registry.npmjs.org/wcwidth/-/wcwidth-1.0.1.tgz"
  integrity sha512-XHPEwS0q6TaxcvG85+8EYkbiCux2XtWG2mkc47Ng2A77BQu9+DqIOJldST4HgPkuea7dvKSj5VgX3P1d4rW8Tg==
  dependencies:
    defaults "^1.0.3"

webidl-conversions@^7.0.0:
  version "7.0.0"
  resolved "https://registry.npmjs.org/webidl-conversions/-/webidl-conversions-7.0.0.tgz"
  integrity sha512-VwddBukDzu71offAQR975unBIGqfKZpM+8ZX6ySk8nYhVoo5CYaZyzt3YBvYtRtO+aoGlqxPg/B87NGVZ/fu6g==

whatwg-url@^13.0.0:
  version "13.0.0"
  resolved "https://registry.npmjs.org/whatwg-url/-/whatwg-url-13.0.0.tgz"
  integrity sha512-9WWbymnqj57+XEuqADHrCJ2eSXzn8WXIW/YSGaZtb2WKAInQ6CHfaUUcTyyver0p8BDg5StLQq8h1vtZuwmOig==
  dependencies:
    tr46 "^4.1.1"
    webidl-conversions "^7.0.0"

which@^2.0.1, which@2.0.2:
  version "2.0.2"
  resolved "https://registry.npmjs.org/which/-/which-2.0.2.tgz"
  integrity sha512-BLI3Tl1TW3Pvl70l3yq3Y64i+awpwXqsGBYWkkqMtnbXgrMD+yj7rhW0kuEDxzJaYXGjEW5ogapKNMEKNMjibA==
  dependencies:
    isexe "^2.0.0"

workerpool@6.2.0:
  version "6.2.0"
  resolved "https://registry.npmjs.org/workerpool/-/workerpool-6.2.0.tgz"
  integrity sha512-Rsk5qQHJ9eowMH28Jwhe8HEbmdYDX4lwoMWshiCXugjtHqMD9ZbiqSDLxcsfdqsETPzVUtX5s1Z5kStiIM6l4A==

wrap-ansi@^6.0.1:
  version "6.2.0"
  resolved "https://registry.npmjs.org/wrap-ansi/-/wrap-ansi-6.2.0.tgz"
  integrity sha512-r6lPcBGxZXlIcymEu7InxDMhdW0KDxpLgoFLcguasxCaJ/SOIZwINatK9KY/tf+ZrlywOKU0UDj3ATXUBfxJXA==
  dependencies:
    ansi-styles "^4.0.0"
    string-width "^4.1.0"
    strip-ansi "^6.0.0"

wrap-ansi@^7.0.0:
  version "7.0.0"
  resolved "https://registry.npmjs.org/wrap-ansi/-/wrap-ansi-7.0.0.tgz"
  integrity sha512-YVGIj2kamLSTxw6NsZjoBxfSwsn0ycdesmc4p+Q21c5zPuZ1pl+NfxVdxPtdHvmNVOQ6XSYG4AUtyt/Fi7D16Q==
  dependencies:
    ansi-styles "^4.0.0"
    string-width "^4.1.0"
    strip-ansi "^6.0.0"

wrappy@1:
  version "1.0.2"
  resolved "https://registry.npmjs.org/wrappy/-/wrappy-1.0.2.tgz"
  integrity sha512-l4Sp/DRseor9wL6EvV2+TuQn63dMkPjZ/sp9XkghTEbV9KlPS1xUsZ3u7/IQO4wxtcFB4bgpQPRcR3QCvezPcQ==

ws@^7.5.9:
  version "7.5.9"
  resolved "https://registry.npmjs.org/ws/-/ws-7.5.9.tgz"
  integrity sha512-F+P9Jil7UiSKSkppIiD94dN07AwvFixvLIj1Og1Rl9GGMuNipJnV9JzjD6XuqmAeiswGvUmNLjr5cFuXwNS77Q==

y18n@^5.0.5:
  version "5.0.8"
  resolved "https://registry.npmjs.org/y18n/-/y18n-5.0.8.tgz"
  integrity sha512-0pfFzegeDWJHJIAmTLRP2DwHjdF5s7jo9tuztdQxAhINCdvS+3nGINqPd00AphqJR/0LhANUS6/+7SCb98YOfA==

yallist@^2.1.2:
  version "2.1.2"
  resolved "https://registry.npmjs.org/yallist/-/yallist-2.1.2.tgz"
  integrity sha512-ncTzHV7NvsQZkYe1DW7cbDLm0YpzHmZF5r/iyP3ZnQtMiJ+pjzisCiMNI+Sj+xQF5pXhSHxSB3uDbsBTzY/c2A==

yargs-parser@^20.2.2:
  version "20.2.9"
  resolved "https://registry.npmjs.org/yargs-parser/-/yargs-parser-20.2.9.tgz"
  integrity sha512-y11nGElTIV+CT3Zv9t7VKl+Q3hTQoT9a1Qzezhhl6Rp21gJ/IVTW7Z3y9EWXhuUBC2Shnf+DX0antecpAwSP8w==

yargs-parser@20.2.4:
  version "20.2.4"
  resolved "https://registry.npmjs.org/yargs-parser/-/yargs-parser-20.2.4.tgz"
  integrity sha512-WOkpgNhPTlE73h4VFAFsOnomJVaovO8VqLDzy5saChRBFQFBoMYirowyW+Q9HB4HFF4Z7VZTiG3iSzJJA29yRA==

yargs-unparser@2.0.0:
  version "2.0.0"
  resolved "https://registry.npmjs.org/yargs-unparser/-/yargs-unparser-2.0.0.tgz"
  integrity sha512-7pRTIA9Qc1caZ0bZ6RYRGbHJthJWuakf+WmHK0rVeLkNrrGhfoabBNdue6kdINI6r4if7ocq9aD/n7xwKOdzOA==
  dependencies:
    camelcase "^6.0.0"
    decamelize "^4.0.0"
    flat "^5.0.2"
    is-plain-obj "^2.1.0"

yargs@16.2.0:
  version "16.2.0"
  resolved "https://registry.npmjs.org/yargs/-/yargs-16.2.0.tgz"
  integrity sha512-D1mvvtDG0L5ft/jGWkLpG1+m0eQxOfaBvTNELraWj22wSVUMWxZUvYgJYcKh6jGGIkJFhH4IZPQhR4TKpc8mBw==
  dependencies:
    cliui "^7.0.2"
    escalade "^3.1.1"
    get-caller-file "^2.0.5"
    require-directory "^2.1.1"
    string-width "^4.2.0"
    y18n "^5.0.5"
    yargs-parser "^20.2.2"

yn@3.1.1:
  version "3.1.1"
  resolved "https://registry.npmjs.org/yn/-/yn-3.1.1.tgz"
  integrity sha512-Ux4ygGWsu2c7isFWe8Yu1YluJmqVhxqK2cLXNQA5AcC3QfbGNpM7fu0Y8b/z16pXLnFxZYvWhd3fhBY9DLmC6Q==

yocto-queue@^0.1.0:
  version "0.1.0"
  resolved "https://registry.npmjs.org/yocto-queue/-/yocto-queue-0.1.0.tgz"
  integrity sha512-rVksvsnNCdJ/ohGc6xgPwyN8eheCxsiLM8mxuE/t/mOVqJewPuO1miLpTHQiRgTKCLexL4MeAFVagts7HmNZ2Q==
